
Microsoft Visual Studio Solution File, Format Version 12.00
# Visual Studio Version 17
VisualStudioVersion = 17.0.31903.59
MinimumVisualStudioVersion = 10.0.40219.1
Project("{FAE04EC0-301F-11D3-BF4B-00C04F79EFBC}") = "DemoUploadFile", "DemoUploadFile\DemoUploadFile.csproj", "{61B4E279-0C6F-4FC9-BF32-BD709C3346CE}"
EndProject
Global
	GlobalSection(SolutionConfigurationPlatforms) = preSolution
		Debug|Any CPU = Debug|Any CPU
		Release|Any CPU = Release|Any CPU
	EndGlobalSection
	GlobalSection(SolutionProperties) = preSolution
		HideSolutionNode = FALSE
	EndGlobalSection
	GlobalSection(ProjectConfigurationPlatforms) = postSolution
		{61B4E279-0C6F-4FC9-BF32-BD709C3346CE}.Debug|Any CPU.ActiveCfg = Debug|Any CPU
		{61B4E279-0C6F-4FC9-BF32-BD709C3346CE}.Debug|Any CPU.Build.0 = Debug|Any CPU
		{61B4E279-0C6F-4FC9-BF32-BD709C3346CE}.Release|Any CPU.ActiveCfg = Release|Any CPU
		{61B4E279-0C6F-4FC9-BF32-BD709C3346CE}.Release|Any CPU.Build.0 = Release|Any CPU
	EndGlobalSection
EndGlobal
